Microsoft Visual Studio Solution File, Format Version 10.00
# Visual Studio 2008

Project("{BFD83294-7FC6-C9ED-25BD-F5B79DD75A3E}") = "1 Motion and Kinematics in 1 Dimension", "Assembly-CSharp-vs.csproj", "{265BE249-D1F6-F606-4A09-D4585ECC2B90}"
EndProject
Global
	GlobalSection(SolutionConfigurationPlatforms) = preSolution
		Debug|Any CPU = Debug|Any CPU
		Release|Any CPU = Release|Any CPU
	EndGlobalSection
	GlobalSection(ProjectConfigurationPlatforms) = postSolution
		{265BE249-D1F6-F606-4A09-D4585ECC2B90}.Debug|Any CPU.ActiveCfg = Debug|Any CPU
		{265BE249-D1F6-F606-4A09-D4585ECC2B90}.Debug|Any CPU.Build.0 = Debug|Any CPU
		{265BE249-D1F6-F606-4A09-D4585ECC2B90}.Release|Any CPU.ActiveCfg = Release|Any CPU
		{265BE249-D1F6-F606-4A09-D4585ECC2B90}.Release|Any CPU.Build.0 = Release|Any CPU
	EndGlobalSection
	GlobalSection(SolutionProperties) = preSolution
		HideSolutionNode = FALSE
	EndGlobalSection
	
EndGlobal
